{
  "version": 4,
  "terraform_version": "1.6.6",
  "serial": 36,
  "lineage": "c70d9422-c750-6436-62a3-40a27162fc93",
  "outputs": {
    "resource_group_id": {
      "value": "prakash-eastus2-rg-luueri",
      "type": "string"
    },
    "resource_group_name": {
      "value": "prakash-eastus2-rg-luueri",
      "type": "string"
    },
    "virtual_network_id": {
      "value": "/subscriptions/7500af1f-cee3-4cda-bd1a-6909b5ebb806/resourceGroups/prakash-eastus2-rg-luueri/providers/Microsoft.Network/virtualNetworks/vnet-default",
      "type": "string"
    },
    "virtual_network_name": {
      "value": "vnet-default",
      "type": "string"
    },
    "web_linuxvm_network_interface_id": {
      "value": "/subscriptions/7500af1f-cee3-4cda-bd1a-6909b5ebb806/resourceGroups/prakash-eastus2-rg-luueri/providers/Microsoft.Network/networkInterfaces/web-linixvm-nic",
      "type": "string"
    },
    "web_linuxvm_network_interface_private_ip_addresses": {
      "value": [
        [
          "10.0.1.4"
        ]
      ],
      "type": [
        "tuple",
        [
          [
            "list",
            "string"
          ]
        ]
      ]
    },
    "web_linuxvm_private_ip_address": {
      "value": "10.0.1.4",
      "type": "string"
    },
    "web_linuxvm_public_ip": {
      "value": "52.254.66.30",
      "type": "string"
    },
    "web_linuxvm_public_ip_address": {
      "value": "52.254.66.30",
      "type": "string"
    },
    "web_linuxvm_virtual_machine_id": {
      "value": "/subscriptions/7500af1f-cee3-4cda-bd1a-6909b5ebb806/resourceGroups/prakash-eastus2-rg-luueri/providers/Microsoft.Compute/virtualMachines/Vm-1-Web-linux",
      "type": "string"
    },
    "web_linuxvm_virtual_machine_id_128bit": {
      "value": "6c29fffe-9717-4e44-a4d1-c840e38d4c5d",
      "type": "string"
    },
    "web_subnet_id": {
      "value": "/subscriptions/7500af1f-cee3-4cda-bd1a-6909b5ebb806/resourceGroups/prakash-eastus2-rg-luueri/providers/Microsoft.Network/virtualNetworks/vnet-default/subnets/websubnet",
      "type": "string"
    },
    "web_subnet_name": {
      "value": "websubnet",
      "type": "string"
    },
    "web_subnet_nsg_id": {
      "value": "/subscriptions/7500af1f-cee3-4cda-bd1a-6909b5ebb806/resourceGroups/prakash-eastus2-rg-luueri/providers/Microsoft.Network/networkSecurityGroups/websubnet-nsg",
      "type": "string"
    },
    "web_subnet_nsg_name": {
      "value": "websubnet-nsg",
      "type": "string"
    }
  },
  "resources": [
    {
      "mode": "managed",
      "type": "azurerm_linux_virtual_machine",
      "name": "web_linuxvm",
      "provider": "provider[\"registry.terraform.io/hashicorp/azurerm\"]",
      "instances": [
        {
          "schema_version": 0,
          "attributes": {
            "additional_capabilities": [],
            "admin_password": null,
            "admin_ssh_key": [
              {
                "public_key": "ssh-rsa AAAAB3NzaC1yc2EAAAADAQABAAACAQCZrjozMiuTAr+t426HvmCh0dvQtAs7NaucuV+SKokxhia14x2+zEjlDLu1bbSr2I2f9PWbCO4lcMytwsY75HzvxmZZLRP3YvkZdHFlQgJBKXzMDZucyCJLFh43sQZ5P1SNbGYMa6aq/FYp8WhtqxCwTbrPUdNyNkypPZwi5igkxLuBiCUeow/bIrWiXCNpJWC4o8SGqlOt83uf6b3TZZs5da1yuH1JmntAoSPuFxNwKYB3fF/XhB+hnrQqPu3yCePvoAPtt30Akn7KFH6KiBJRXmSwM53IaqdXF621ZHQXLMNEPmMxIQE5fJjBDYRv9RsZtG6rINMr7BXPhJpgwuJjxrDqupgZOYACT2H+9AAH6qooCk22CLlbso1aNV9bn61MD6CkPJSuA4h7bHCsy05OVx0rYPkiopyFURRNgOhfw/Y0OYwQ1/QQWAE4tHI/XCcprO4ZF6Mt9bQVjgBQfR3MpIfVtNjtrxrPDj+jkXUh4nKplS3YZ7Rcvro1dPYxfJcxz+rIUAIkt7xN0VMlahhyvj8qDlHZw+qNmVq2tcAhGnovvMNWewbkpazORVREMuFmdnFOITJYw/PPAMCEOVeS1q+KPAXFOln5/+RsoXkqXXppEUZGgFir8RwbD4r2IXspGSPixo1W294OuztPwo2eYt0r+VuwL2XiR7I/RQKsLQ== azureuser@myserver\n",
                "username": "azureuser"
              }
            ],
            "admin_username": "azureuser",
            "allow_extension_operations": true,
            "availability_set_id": "",
            "boot_diagnostics": [],
            "bypass_platform_safety_checks_on_user_schedule_enabled": false,
            "capacity_reservation_group_id": "",
            "computer_name": "Vm-1-Web-linux",
            "custom_data": "IyEvYmluL3NoCiNzdWRvIHl1bSB1cGRhdGUgLXkKc3VkbyB5dW0gaW5zdGFsbCAteSBodHRwZApzdWRvIHN5c3RlbWN0bCBlbmFibGUgaHR0cGQKc3VkbyBzeXN0ZW1jdGwgc3RhcnQgaHR0cGQgIApzdWRvIHN5c3RlbWN0bCBzdG9wIGZpcmV3YWxsZApzdWRvIHN5c3RlbWN0bCBkaXNhYmxlIGZpcmV3YWxsZApzdWRvIGNobW9kIC1SIDc3NyAvdmFyL3d3dy9odG1sIApzdWRvIGVjaG8gIldlbGNvbWUgdG8gc2VjdXJlYXV0aHNvbHV0aW9ucyAtIFdlYlZNIEFwcDEgLSBWTSBIb3N0bmFtZTogJChob3N0bmFtZSkiID4gL3Zhci93d3cvaHRtbC9pbmRleC5odG1sCnN1ZG8gbWtkaXIgL3Zhci93d3cvaHRtbC9hcHAxCnN1ZG8gZWNobyAiV2VsY29tZSB0byBzZWN1cmVhdXRoc29sdXRpb25zIC0gV2ViVk0gQXBwMSAtIFZNIEhvc3RuYW1lOiAkKGhvc3RuYW1lKSIgPiAvdmFyL3d3dy9odG1sL2FwcDEvaG9zdG5hbWUuaHRtbApzdWRvIGVjaG8gIldlbGNvbWUgdG8gc2VjdXJlYXV0aHNvbHV0aW9ucyAtIFdlYlZNIEFwcDEgLSBBcHAgU3RhdHVzIFBhZ2UiID4gL3Zhci93d3cvaHRtbC9hcHAxL3N0YXR1cy5odG1s",
            "dedicated_host_group_id": "",
            "dedicated_host_id": "",
            "disable_password_authentication": true,
            "disk_controller_type": "SCSI",
            "edge_zone": "",
            "encryption_at_host_enabled": false,
            "eviction_policy": "",
            "extensions_time_budget": "PT1H30M",
            "gallery_application": [],
            "id": "/subscriptions/7500af1f-cee3-4cda-bd1a-6909b5ebb806/resourceGroups/prakash-eastus2-rg-luueri/providers/Microsoft.Compute/virtualMachines/Vm-1-Web-linux",
            "identity": [],
            "license_type": "",
            "location": "eastus2",
            "max_bid_price": -1,
            "name": "Vm-1-Web-linux",
            "network_interface_ids": [
              "/subscriptions/7500af1f-cee3-4cda-bd1a-6909b5ebb806/resourceGroups/prakash-eastus2-rg-luueri/providers/Microsoft.Network/networkInterfaces/web-linixvm-nic"
            ],
            "os_disk": [
              {
                "caching": "ReadWrite",
                "diff_disk_settings": [],
                "disk_encryption_set_id": "",
                "disk_size_gb": 64,
                "name": "Vm-1-Web-linux_OsDisk_1_f6bb5c1f37f14634b391044ec57bb559",
                "secure_vm_disk_encryption_set_id": "",
                "security_encryption_type": "",
                "storage_account_type": "Standard_LRS",
                "write_accelerator_enabled": false
              }
            ],
            "os_image_notification": [],
            "patch_assessment_mode": "ImageDefault",
            "patch_mode": "ImageDefault",
            "plan": [],
            "platform_fault_domain": -1,
            "priority": "Regular",
            "private_ip_address": "10.0.1.4",
            "private_ip_addresses": [
              "10.0.1.4"
            ],
            "provision_vm_agent": true,
            "proximity_placement_group_id": "",
            "public_ip_address": "52.254.66.30",
            "public_ip_addresses": [
              "52.254.66.30"
            ],
            "reboot_setting": "",
            "resource_group_name": "prakash-eastus2-rg-luueri",
            "secret": [],
            "secure_boot_enabled": false,
            "size": "Standard_DS1_v2",
            "source_image_id": "",
            "source_image_reference": [
              {
                "offer": "RHEL",
                "publisher": "RedHat",
                "sku": "8-lvm-gen2",
                "version": "latest"
              }
            ],
            "tags": null,
            "termination_notification": null,
            "timeouts": null,
            "user_data": "",
            "virtual_machine_id": "6c29fffe-9717-4e44-a4d1-c840e38d4c5d",
            "virtual_machine_scale_set_id": "",
            "vm_agent_platform_updates_enabled": false,
            "vtpm_enabled": false,
            "zone": ""
          },
          "sensitive_attributes": [],
          "private": "eyJlMmJmYjczMC1lY2FhLTExZTYtOGY4OC0zNDM2M2JjN2M0YzAiOnsiY3JlYXRlIjoyNzAwMDAwMDAwMDAwLCJkZWxldGUiOjI3MDAwMDAwMDAwMDAsInJlYWQiOjMwMDAwMDAwMDAwMCwidXBkYXRlIjoyNzAwMDAwMDAwMDAwfX0=",
          "dependencies": [
            "azurerm_network_interface.web_linuxvm_nic",
            "azurerm_public_ip.web_linuxvm_publicip",
            "azurerm_resource_group.rg",
            "azurerm_subnet.websubnet",
            "azurerm_virtual_network.vnet",
            "random_string.myrandom"
          ]
        }
      ]
    },
    {
      "mode": "managed",
      "type": "azurerm_network_interface",
      "name": "web_linuxvm_nic",
      "provider": "provider[\"registry.terraform.io/hashicorp/azurerm\"]",
      "instances": [
        {
          "schema_version": 0,
          "attributes": {
            "applied_dns_servers": [],
            "auxiliary_mode": "",
            "auxiliary_sku": "",
            "dns_servers": [],
            "edge_zone": "",
            "enable_accelerated_networking": false,
            "enable_ip_forwarding": false,
            "id": "/subscriptions/7500af1f-cee3-4cda-bd1a-6909b5ebb806/resourceGroups/prakash-eastus2-rg-luueri/providers/Microsoft.Network/networkInterfaces/web-linixvm-nic",
            "internal_dns_name_label": "",
            "internal_domain_name_suffix": "fgaohzkyvjwexcis5m2gcpovjb.cx.internal.cloudapp.net",
            "ip_configuration": [
              {
                "gateway_load_balancer_frontend_ip_configuration_id": "",
                "name": "web-linic-vm-ipconf1",
                "primary": true,
                "private_ip_address": "10.0.1.4",
                "private_ip_address_allocation": "Dynamic",
                "private_ip_address_version": "IPv4",
                "public_ip_address_id": "/subscriptions/7500af1f-cee3-4cda-bd1a-6909b5ebb806/resourceGroups/prakash-eastus2-rg-luueri/providers/Microsoft.Network/publicIPAddresses/web-linux-public-ip",
                "subnet_id": "/subscriptions/7500af1f-cee3-4cda-bd1a-6909b5ebb806/resourceGroups/prakash-eastus2-rg-luueri/providers/Microsoft.Network/virtualNetworks/vnet-default/subnets/websubnet"
              }
            ],
            "location": "eastus2",
            "mac_address": "",
            "name": "web-linixvm-nic",
            "private_ip_address": "10.0.1.4",
            "private_ip_addresses": [
              "10.0.1.4"
            ],
            "resource_group_name": "prakash-eastus2-rg-luueri",
            "tags": null,
            "timeouts": null,
            "virtual_machine_id": ""
          },
          "sensitive_attributes": [],
          "private": "eyJlMmJmYjczMC1lY2FhLTExZTYtOGY4OC0zNDM2M2JjN2M0YzAiOnsiY3JlYXRlIjoxODAwMDAwMDAwMDAwLCJkZWxldGUiOjE4MDAwMDAwMDAwMDAsInJlYWQiOjMwMDAwMDAwMDAwMCwidXBkYXRlIjoxODAwMDAwMDAwMDAwfX0=",
          "dependencies": [
            "azurerm_public_ip.web_linuxvm_publicip",
            "azurerm_resource_group.rg",
            "azurerm_subnet.websubnet",
            "azurerm_virtual_network.vnet",
            "random_string.myrandom"
          ]
        }
      ]
    },
    {
      "mode": "managed",
      "type": "azurerm_network_interface_security_group_association",
      "name": "web_vmnic_nsg_associate",
      "provider": "provider[\"registry.terraform.io/hashicorp/azurerm\"]",
      "instances": [
        {
          "schema_version": 0,
          "attributes": {
            "id": "/subscriptions/7500af1f-cee3-4cda-bd1a-6909b5ebb806/resourceGroups/prakash-eastus2-rg-luueri/providers/Microsoft.Network/networkInterfaces/web-linixvm-nic|/subscriptions/7500af1f-cee3-4cda-bd1a-6909b5ebb806/resourceGroups/prakash-eastus2-rg-luueri/providers/Microsoft.Network/networkSecurityGroups/web-linixvm-nic-nsg",
            "network_interface_id": "/subscriptions/7500af1f-cee3-4cda-bd1a-6909b5ebb806/resourceGroups/prakash-eastus2-rg-luueri/providers/Microsoft.Network/networkInterfaces/web-linixvm-nic",
            "network_security_group_id": "/subscriptions/7500af1f-cee3-4cda-bd1a-6909b5ebb806/resourceGroups/prakash-eastus2-rg-luueri/providers/Microsoft.Network/networkSecurityGroups/web-linixvm-nic-nsg",
            "timeouts": null
          },
          "sensitive_attributes": [],
          "private": "eyJlMmJmYjczMC1lY2FhLTExZTYtOGY4OC0zNDM2M2JjN2M0YzAiOnsiY3JlYXRlIjoxODAwMDAwMDAwMDAwLCJkZWxldGUiOjE4MDAwMDAwMDAwMDAsInJlYWQiOjMwMDAwMDAwMDAwMH19",
          "dependencies": [
            "azurerm_network_interface.web_linuxvm_nic",
            "azurerm_network_security_group.web_vmnic_nsg",
            "azurerm_network_security_rule.web_vmnic_nsg_rule_inbound",
            "azurerm_public_ip.web_linuxvm_publicip",
            "azurerm_resource_group.rg",
            "azurerm_subnet.websubnet",
            "azurerm_virtual_network.vnet",
            "random_string.myrandom"
          ]
        }
      ]
    },
    {
      "mode": "managed",
      "type": "azurerm_network_security_group",
      "name": "app_subnet_nsg",
      "provider": "provider[\"registry.terraform.io/hashicorp/azurerm\"]",
      "instances": [
        {
          "schema_version": 0,
          "attributes": {
            "id": "/subscriptions/7500af1f-cee3-4cda-bd1a-6909b5ebb806/resourceGroups/prakash-eastus2-rg-luueri/providers/Microsoft.Network/networkSecurityGroups/vnet-default-appsubnet-nsg",
            "location": "eastus2",
            "name": "vnet-default-appsubnet-nsg",
            "resource_group_name": "prakash-eastus2-rg-luueri",
            "security_rule": [],
            "tags": null,
            "timeouts": null
          },
          "sensitive_attributes": [],
          "private": "eyJlMmJmYjczMC1lY2FhLTExZTYtOGY4OC0zNDM2M2JjN2M0YzAiOnsiY3JlYXRlIjoxODAwMDAwMDAwMDAwLCJkZWxldGUiOjE4MDAwMDAwMDAwMDAsInJlYWQiOjMwMDAwMDAwMDAwMCwidXBkYXRlIjoxODAwMDAwMDAwMDAwfX0=",
          "dependencies": [
            "azurerm_resource_group.rg",
            "azurerm_subnet.appsubnet",
            "azurerm_virtual_network.vnet",
            "random_string.myrandom"
          ]
        }
      ]
    },
    {
      "mode": "managed",
      "type": "azurerm_network_security_group",
      "name": "bastion_subnet_nsg",
      "provider": "provider[\"registry.terraform.io/hashicorp/azurerm\"]",
      "instances": [
        {
          "schema_version": 0,
          "attributes": {
            "id": "/subscriptions/7500af1f-cee3-4cda-bd1a-6909b5ebb806/resourceGroups/prakash-eastus2-rg-luueri/providers/Microsoft.Network/networkSecurityGroups/vnet-default-bastionsubnet-nsg",
            "location": "eastus2",
            "name": "vnet-default-bastionsubnet-nsg",
            "resource_group_name": "prakash-eastus2-rg-luueri",
            "security_rule": [],
            "tags": null,
            "timeouts": null
          },
          "sensitive_attributes": [],
          "private": "eyJlMmJmYjczMC1lY2FhLTExZTYtOGY4OC0zNDM2M2JjN2M0YzAiOnsiY3JlYXRlIjoxODAwMDAwMDAwMDAwLCJkZWxldGUiOjE4MDAwMDAwMDAwMDAsInJlYWQiOjMwMDAwMDAwMDAwMCwidXBkYXRlIjoxODAwMDAwMDAwMDAwfX0=",
          "dependencies": [
            "azurerm_resource_group.rg",
            "azurerm_subnet.bastionsubnet",
            "azurerm_virtual_network.vnet",
            "random_string.myrandom"
          ]
        }
      ]
    },
    {
      "mode": "managed",
      "type": "azurerm_network_security_group",
      "name": "db_subnet_nsg",
      "provider": "provider[\"registry.terraform.io/hashicorp/azurerm\"]",
      "instances": [
        {
          "schema_version": 0,
          "attributes": {
            "id": "/subscriptions/7500af1f-cee3-4cda-bd1a-6909b5ebb806/resourceGroups/prakash-eastus2-rg-luueri/providers/Microsoft.Network/networkSecurityGroups/vnet-default-dbsubnet-nsg",
            "location": "eastus2",
            "name": "vnet-default-dbsubnet-nsg",
            "resource_group_name": "prakash-eastus2-rg-luueri",
            "security_rule": [],
            "tags": null,
            "timeouts": null
          },
          "sensitive_attributes": [],
          "private": "eyJlMmJmYjczMC1lY2FhLTExZTYtOGY4OC0zNDM2M2JjN2M0YzAiOnsiY3JlYXRlIjoxODAwMDAwMDAwMDAwLCJkZWxldGUiOjE4MDAwMDAwMDAwMDAsInJlYWQiOjMwMDAwMDAwMDAwMCwidXBkYXRlIjoxODAwMDAwMDAwMDAwfX0=",
          "dependencies": [
            "azurerm_resource_group.rg",
            "azurerm_subnet.dbsubnet",
            "azurerm_virtual_network.vnet",
            "random_string.myrandom"
          ]
        }
      ]
    },
    {
      "mode": "managed",
      "type": "azurerm_network_security_group",
      "name": "web_subnet_nsg",
      "provider": "provider[\"registry.terraform.io/hashicorp/azurerm\"]",
      "instances": [
        {
          "schema_version": 0,
          "attributes": {
            "id": "/subscriptions/7500af1f-cee3-4cda-bd1a-6909b5ebb806/resourceGroups/prakash-eastus2-rg-luueri/providers/Microsoft.Network/networkSecurityGroups/websubnet-nsg",
            "location": "eastus2",
            "name": "websubnet-nsg",
            "resource_group_name": "prakash-eastus2-rg-luueri",
            "security_rule": [],
            "tags": null,
            "timeouts": null
          },
          "sensitive_attributes": [],
          "private": "eyJlMmJmYjczMC1lY2FhLTExZTYtOGY4OC0zNDM2M2JjN2M0YzAiOnsiY3JlYXRlIjoxODAwMDAwMDAwMDAwLCJkZWxldGUiOjE4MDAwMDAwMDAwMDAsInJlYWQiOjMwMDAwMDAwMDAwMCwidXBkYXRlIjoxODAwMDAwMDAwMDAwfX0=",
          "dependencies": [
            "azurerm_resource_group.rg",
            "azurerm_subnet.websubnet",
            "azurerm_virtual_network.vnet",
            "random_string.myrandom"
          ]
        }
      ]
    },
    {
      "mode": "managed",
      "type": "azurerm_network_security_group",
      "name": "web_vmnic_nsg",
      "provider": "provider[\"registry.terraform.io/hashicorp/azurerm\"]",
      "instances": [
        {
          "schema_version": 0,
          "attributes": {
            "id": "/subscriptions/7500af1f-cee3-4cda-bd1a-6909b5ebb806/resourceGroups/prakash-eastus2-rg-luueri/providers/Microsoft.Network/networkSecurityGroups/web-linixvm-nic-nsg",
            "location": "eastus2",
            "name": "web-linixvm-nic-nsg",
            "resource_group_name": "prakash-eastus2-rg-luueri",
            "security_rule": [],
            "tags": null,
            "timeouts": null
          },
          "sensitive_attributes": [],
          "private": "eyJlMmJmYjczMC1lY2FhLTExZTYtOGY4OC0zNDM2M2JjN2M0YzAiOnsiY3JlYXRlIjoxODAwMDAwMDAwMDAwLCJkZWxldGUiOjE4MDAwMDAwMDAwMDAsInJlYWQiOjMwMDAwMDAwMDAwMCwidXBkYXRlIjoxODAwMDAwMDAwMDAwfX0=",
          "dependencies": [
            "azurerm_network_interface.web_linuxvm_nic",
            "azurerm_public_ip.web_linuxvm_publicip",
            "azurerm_resource_group.rg",
            "azurerm_subnet.websubnet",
            "azurerm_virtual_network.vnet",
            "random_string.myrandom"
          ]
        }
      ]
    },
    {
      "mode": "managed",
      "type": "azurerm_network_security_rule",
      "name": "app_nsg_rule_inbound",
      "provider": "provider[\"registry.terraform.io/hashicorp/azurerm\"]",
      "instances": [
        {
          "index_key": "100",
          "schema_version": 0,
          "attributes": {
            "access": "Allow",
            "description": "",
            "destination_address_prefix": "*",
            "destination_address_prefixes": null,
            "destination_application_security_group_ids": null,
            "destination_port_range": "80",
            "destination_port_ranges": null,
            "direction": "Inbound",
            "id": "/subscriptions/7500af1f-cee3-4cda-bd1a-6909b5ebb806/resourceGroups/prakash-eastus2-rg-luueri/providers/Microsoft.Network/networkSecurityGroups/vnet-default-appsubnet-nsg/securityRules/Rule-Port-80",
            "name": "Rule-Port-80",
            "network_security_group_name": "vnet-default-appsubnet-nsg",
            "priority": 100,
            "protocol": "Tcp",
            "resource_group_name": "prakash-eastus2-rg-luueri",
            "source_address_prefix": "*",
            "source_address_prefixes": null,
            "source_application_security_group_ids": null,
            "source_port_range": "*",
            "source_port_ranges": null,
            "timeouts": null
          },
          "sensitive_attributes": [],
          "private": "eyJlMmJmYjczMC1lY2FhLTExZTYtOGY4OC0zNDM2M2JjN2M0YzAiOnsiY3JlYXRlIjoxODAwMDAwMDAwMDAwLCJkZWxldGUiOjE4MDAwMDAwMDAwMDAsInJlYWQiOjMwMDAwMDAwMDAwMCwidXBkYXRlIjoxODAwMDAwMDAwMDAwfX0=",
          "dependencies": [
            "azurerm_network_security_group.app_subnet_nsg",
            "azurerm_resource_group.rg",
            "azurerm_subnet.appsubnet",
            "azurerm_virtual_network.vnet",
            "random_string.myrandom"
          ]
        },
        {
          "index_key": "110",
          "schema_version": 0,
          "attributes": {
            "access": "Allow",
            "description": "",
            "destination_address_prefix": "*",
            "destination_address_prefixes": null,
            "destination_application_security_group_ids": null,
            "destination_port_range": "443",
            "destination_port_ranges": null,
            "direction": "Inbound",
            "id": "/subscriptions/7500af1f-cee3-4cda-bd1a-6909b5ebb806/resourceGroups/prakash-eastus2-rg-luueri/providers/Microsoft.Network/networkSecurityGroups/vnet-default-appsubnet-nsg/securityRules/Rule-Port-443",
            "name": "Rule-Port-443",
            "network_security_group_name": "vnet-default-appsubnet-nsg",
            "priority": 110,
            "protocol": "Tcp",
            "resource_group_name": "prakash-eastus2-rg-luueri",
            "source_address_prefix": "*",
            "source_address_prefixes": null,
            "source_application_security_group_ids": null,
            "source_port_range": "*",
            "source_port_ranges": null,
            "timeouts": null
          },
          "sensitive_attributes": [],
          "private": "eyJlMmJmYjczMC1lY2FhLTExZTYtOGY4OC0zNDM2M2JjN2M0YzAiOnsiY3JlYXRlIjoxODAwMDAwMDAwMDAwLCJkZWxldGUiOjE4MDAwMDAwMDAwMDAsInJlYWQiOjMwMDAwMDAwMDAwMCwidXBkYXRlIjoxODAwMDAwMDAwMDAwfX0=",
          "dependencies": [
            "azurerm_network_security_group.app_subnet_nsg",
            "azurerm_resource_group.rg",
            "azurerm_subnet.appsubnet",
            "azurerm_virtual_network.vnet",
            "random_string.myrandom"
          ]
        },
        {
          "index_key": "120",
          "schema_version": 0,
          "attributes": {
            "access": "Allow",
            "description": "",
            "destination_address_prefix": "*",
            "destination_address_prefixes": null,
            "destination_application_security_group_ids": null,
            "destination_port_range": "8080",
            "destination_port_ranges": null,
            "direction": "Inbound",
            "id": "/subscriptions/7500af1f-cee3-4cda-bd1a-6909b5ebb806/resourceGroups/prakash-eastus2-rg-luueri/providers/Microsoft.Network/networkSecurityGroups/vnet-default-appsubnet-nsg/securityRules/Rule-Port-8080",
            "name": "Rule-Port-8080",
            "network_security_group_name": "vnet-default-appsubnet-nsg",
            "priority": 120,
            "protocol": "Tcp",
            "resource_group_name": "prakash-eastus2-rg-luueri",
            "source_address_prefix": "*",
            "source_address_prefixes": null,
            "source_application_security_group_ids": null,
            "source_port_range": "*",
            "source_port_ranges": null,
            "timeouts": null
          },
          "sensitive_attributes": [],
          "private": "eyJlMmJmYjczMC1lY2FhLTExZTYtOGY4OC0zNDM2M2JjN2M0YzAiOnsiY3JlYXRlIjoxODAwMDAwMDAwMDAwLCJkZWxldGUiOjE4MDAwMDAwMDAwMDAsInJlYWQiOjMwMDAwMDAwMDAwMCwidXBkYXRlIjoxODAwMDAwMDAwMDAwfX0=",
          "dependencies": [
            "azurerm_network_security_group.app_subnet_nsg",
            "azurerm_resource_group.rg",
            "azurerm_subnet.appsubnet",
            "azurerm_virtual_network.vnet",
            "random_string.myrandom"
          ]
        },
        {
          "index_key": "130",
          "schema_version": 0,
          "attributes": {
            "access": "Allow",
            "description": "",
            "destination_address_prefix": "*",
            "destination_address_prefixes": null,
            "destination_application_security_group_ids": null,
            "destination_port_range": "22",
            "destination_port_ranges": null,
            "direction": "Inbound",
            "id": "/subscriptions/7500af1f-cee3-4cda-bd1a-6909b5ebb806/resourceGroups/prakash-eastus2-rg-luueri/providers/Microsoft.Network/networkSecurityGroups/vnet-default-appsubnet-nsg/securityRules/Rule-Port-22",
            "name": "Rule-Port-22",
            "network_security_group_name": "vnet-default-appsubnet-nsg",
            "priority": 130,
            "protocol": "Tcp",
            "resource_group_name": "prakash-eastus2-rg-luueri",
            "source_address_prefix": "*",
            "source_address_prefixes": null,
            "source_application_security_group_ids": null,
            "source_port_range": "*",
            "source_port_ranges": null,
            "timeouts": null
          },
          "sensitive_attributes": [],
          "private": "eyJlMmJmYjczMC1lY2FhLTExZTYtOGY4OC0zNDM2M2JjN2M0YzAiOnsiY3JlYXRlIjoxODAwMDAwMDAwMDAwLCJkZWxldGUiOjE4MDAwMDAwMDAwMDAsInJlYWQiOjMwMDAwMDAwMDAwMCwidXBkYXRlIjoxODAwMDAwMDAwMDAwfX0=",
          "dependencies": [
            "azurerm_network_security_group.app_subnet_nsg",
            "azurerm_resource_group.rg",
            "azurerm_subnet.appsubnet",
            "azurerm_virtual_network.vnet",
            "random_string.myrandom"
          ]
        }
      ]
    },
    {
      "mode": "managed",
      "type": "azurerm_network_security_rule",
      "name": "bastion_nsg_rule_inbound",
      "provider": "provider[\"registry.terraform.io/hashicorp/azurerm\"]",
      "instances": [
        {
          "index_key": "100",
          "schema_version": 0,
          "attributes": {
            "access": "Allow",
            "description": "",
            "destination_address_prefix": "*",
            "destination_address_prefixes": null,
            "destination_application_security_group_ids": null,
            "destination_port_range": "22",
            "destination_port_ranges": null,
            "direction": "Inbound",
            "id": "/subscriptions/7500af1f-cee3-4cda-bd1a-6909b5ebb806/resourceGroups/prakash-eastus2-rg-luueri/providers/Microsoft.Network/networkSecurityGroups/vnet-default-bastionsubnet-nsg/securityRules/Rule-Port-22",
            "name": "Rule-Port-22",
            "network_security_group_name": "vnet-default-bastionsubnet-nsg",
            "priority": 100,
            "protocol": "Tcp",
            "resource_group_name": "prakash-eastus2-rg-luueri",
            "source_address_prefix": "*",
            "source_address_prefixes": null,
            "source_application_security_group_ids": null,
            "source_port_range": "*",
            "source_port_ranges": null,
            "timeouts": null
          },
          "sensitive_attributes": [],
          "private": "eyJlMmJmYjczMC1lY2FhLTExZTYtOGY4OC0zNDM2M2JjN2M0YzAiOnsiY3JlYXRlIjoxODAwMDAwMDAwMDAwLCJkZWxldGUiOjE4MDAwMDAwMDAwMDAsInJlYWQiOjMwMDAwMDAwMDAwMCwidXBkYXRlIjoxODAwMDAwMDAwMDAwfX0=",
          "dependencies": [
            "azurerm_network_security_group.bastion_subnet_nsg",
            "azurerm_resource_group.rg",
            "azurerm_subnet.bastionsubnet",
            "azurerm_virtual_network.vnet",
            "random_string.myrandom"
          ]
        },
        {
          "index_key": "110",
          "schema_version": 0,
          "attributes": {
            "access": "Allow",
            "description": "",
            "destination_address_prefix": "*",
            "destination_address_prefixes": null,
            "destination_application_security_group_ids": null,
            "destination_port_range": "3389",
            "destination_port_ranges": null,
            "direction": "Inbound",
            "id": "/subscriptions/7500af1f-cee3-4cda-bd1a-6909b5ebb806/resourceGroups/prakash-eastus2-rg-luueri/providers/Microsoft.Network/networkSecurityGroups/vnet-default-bastionsubnet-nsg/securityRules/Rule-Port-3389",
            "name": "Rule-Port-3389",
            "network_security_group_name": "vnet-default-bastionsubnet-nsg",
            "priority": 110,
            "protocol": "Tcp",
            "resource_group_name": "prakash-eastus2-rg-luueri",
            "source_address_prefix": "*",
            "source_address_prefixes": null,
            "source_application_security_group_ids": null,
            "source_port_range": "*",
            "source_port_ranges": null,
            "timeouts": null
          },
          "sensitive_attributes": [],
          "private": "eyJlMmJmYjczMC1lY2FhLTExZTYtOGY4OC0zNDM2M2JjN2M0YzAiOnsiY3JlYXRlIjoxODAwMDAwMDAwMDAwLCJkZWxldGUiOjE4MDAwMDAwMDAwMDAsInJlYWQiOjMwMDAwMDAwMDAwMCwidXBkYXRlIjoxODAwMDAwMDAwMDAwfX0=",
          "dependencies": [
            "azurerm_network_security_group.bastion_subnet_nsg",
            "azurerm_resource_group.rg",
            "azurerm_subnet.bastionsubnet",
            "azurerm_virtual_network.vnet",
            "random_string.myrandom"
          ]
        }
      ]
    },
    {
      "mode": "managed",
      "type": "azurerm_network_security_rule",
      "name": "db_nsg_rule_inbound",
      "provider": "provider[\"registry.terraform.io/hashicorp/azurerm\"]",
      "instances": [
        {
          "index_key": "100",
          "schema_version": 0,
          "attributes": {
            "access": "Allow",
            "description": "",
            "destination_address_prefix": "*",
            "destination_address_prefixes": null,
            "destination_application_security_group_ids": null,
            "destination_port_range": "3306",
            "destination_port_ranges": null,
            "direction": "Inbound",
            "id": "/subscriptions/7500af1f-cee3-4cda-bd1a-6909b5ebb806/resourceGroups/prakash-eastus2-rg-luueri/providers/Microsoft.Network/networkSecurityGroups/vnet-default-dbsubnet-nsg/securityRules/Rule-Port-3306",
            "name": "Rule-Port-3306",
            "network_security_group_name": "vnet-default-dbsubnet-nsg",
            "priority": 100,
            "protocol": "Tcp",
            "resource_group_name": "prakash-eastus2-rg-luueri",
            "source_address_prefix": "*",
            "source_address_prefixes": null,
            "source_application_security_group_ids": null,
            "source_port_range": "*",
            "source_port_ranges": null,
            "timeouts": null
          },
          "sensitive_attributes": [],
          "private": "eyJlMmJmYjczMC1lY2FhLTExZTYtOGY4OC0zNDM2M2JjN2M0YzAiOnsiY3JlYXRlIjoxODAwMDAwMDAwMDAwLCJkZWxldGUiOjE4MDAwMDAwMDAwMDAsInJlYWQiOjMwMDAwMDAwMDAwMCwidXBkYXRlIjoxODAwMDAwMDAwMDAwfX0=",
          "dependencies": [
            "azurerm_network_security_group.db_subnet_nsg",
            "azurerm_resource_group.rg",
            "azurerm_subnet.dbsubnet",
            "azurerm_virtual_network.vnet",
            "random_string.myrandom"
          ]
        },
        {
          "index_key": "110",
          "schema_version": 0,
          "attributes": {
            "access": "Allow",
            "description": "",
            "destination_address_prefix": "*",
            "destination_address_prefixes": null,
            "destination_application_security_group_ids": null,
            "destination_port_range": "1433",
            "destination_port_ranges": null,
            "direction": "Inbound",
            "id": "/subscriptions/7500af1f-cee3-4cda-bd1a-6909b5ebb806/resourceGroups/prakash-eastus2-rg-luueri/providers/Microsoft.Network/networkSecurityGroups/vnet-default-dbsubnet-nsg/securityRules/Rule-Port-1433",
            "name": "Rule-Port-1433",
            "network_security_group_name": "vnet-default-dbsubnet-nsg",
            "priority": 110,
            "protocol": "Tcp",
            "resource_group_name": "prakash-eastus2-rg-luueri",
            "source_address_prefix": "*",
            "source_address_prefixes": null,
            "source_application_security_group_ids": null,
            "source_port_range": "*",
            "source_port_ranges": null,
            "timeouts": null
          },
          "sensitive_attributes": [],
          "private": "eyJlMmJmYjczMC1lY2FhLTExZTYtOGY4OC0zNDM2M2JjN2M0YzAiOnsiY3JlYXRlIjoxODAwMDAwMDAwMDAwLCJkZWxldGUiOjE4MDAwMDAwMDAwMDAsInJlYWQiOjMwMDAwMDAwMDAwMCwidXBkYXRlIjoxODAwMDAwMDAwMDAwfX0=",
          "dependencies": [
            "azurerm_network_security_group.db_subnet_nsg",
            "azurerm_resource_group.rg",
            "azurerm_subnet.dbsubnet",
            "azurerm_virtual_network.vnet",
            "random_string.myrandom"
          ]
        },
        {
          "index_key": "120",
          "schema_version": 0,
          "attributes": {
            "access": "Allow",
            "description": "",
            "destination_address_prefix": "*",
            "destination_address_prefixes": null,
            "destination_application_security_group_ids": null,
            "destination_port_range": "5432",
            "destination_port_ranges": null,
            "direction": "Inbound",
            "id": "/subscriptions/7500af1f-cee3-4cda-bd1a-6909b5ebb806/resourceGroups/prakash-eastus2-rg-luueri/providers/Microsoft.Network/networkSecurityGroups/vnet-default-dbsubnet-nsg/securityRules/Rule-Port-5432",
            "name": "Rule-Port-5432",
            "network_security_group_name": "vnet-default-dbsubnet-nsg",
            "priority": 120,
            "protocol": "Tcp",
            "resource_group_name": "prakash-eastus2-rg-luueri",
            "source_address_prefix": "*",
            "source_address_prefixes": null,
            "source_application_security_group_ids": null,
            "source_port_range": "*",
            "source_port_ranges": null,
            "timeouts": null
          },
          "sensitive_attributes": [],
          "private": "eyJlMmJmYjczMC1lY2FhLTExZTYtOGY4OC0zNDM2M2JjN2M0YzAiOnsiY3JlYXRlIjoxODAwMDAwMDAwMDAwLCJkZWxldGUiOjE4MDAwMDAwMDAwMDAsInJlYWQiOjMwMDAwMDAwMDAwMCwidXBkYXRlIjoxODAwMDAwMDAwMDAwfX0=",
          "dependencies": [
            "azurerm_network_security_group.db_subnet_nsg",
            "azurerm_resource_group.rg",
            "azurerm_subnet.dbsubnet",
            "azurerm_virtual_network.vnet",
            "random_string.myrandom"
          ]
        }
      ]
    },
    {
      "mode": "managed",
      "type": "azurerm_network_security_rule",
      "name": "web_nsg_rule_inbound",
      "provider": "provider[\"registry.terraform.io/hashicorp/azurerm\"]",
      "instances": [
        {
          "index_key": "100",
          "schema_version": 0,
          "attributes": {
            "access": "Allow",
            "description": "",
            "destination_address_prefix": "*",
            "destination_address_prefixes": null,
            "destination_application_security_group_ids": null,
            "destination_port_range": "80",
            "destination_port_ranges": null,
            "direction": "Inbound",
            "id": "/subscriptions/7500af1f-cee3-4cda-bd1a-6909b5ebb806/resourceGroups/prakash-eastus2-rg-luueri/providers/Microsoft.Network/networkSecurityGroups/websubnet-nsg/securityRules/Rule-Port-80",
            "name": "Rule-Port-80",
            "network_security_group_name": "websubnet-nsg",
            "priority": 100,
            "protocol": "Tcp",
            "resource_group_name": "prakash-eastus2-rg-luueri",
            "source_address_prefix": "*",
            "source_address_prefixes": null,
            "source_application_security_group_ids": null,
            "source_port_range": "*",
            "source_port_ranges": null,
            "timeouts": null
          },
          "sensitive_attributes": [],
          "private": "eyJlMmJmYjczMC1lY2FhLTExZTYtOGY4OC0zNDM2M2JjN2M0YzAiOnsiY3JlYXRlIjoxODAwMDAwMDAwMDAwLCJkZWxldGUiOjE4MDAwMDAwMDAwMDAsInJlYWQiOjMwMDAwMDAwMDAwMCwidXBkYXRlIjoxODAwMDAwMDAwMDAwfX0=",
          "dependencies": [
            "azurerm_network_security_group.web_subnet_nsg",
            "azurerm_resource_group.rg",
            "azurerm_subnet.websubnet",
            "azurerm_virtual_network.vnet",
            "random_string.myrandom"
          ]
        },
        {
          "index_key": "110",
          "schema_version": 0,
          "attributes": {
            "access": "Allow",
            "description": "",
            "destination_address_prefix": "*",
            "destination_address_prefixes": null,
            "destination_application_security_group_ids": null,
            "destination_port_range": "443",
            "destination_port_ranges": null,
            "direction": "Inbound",
            "id": "/subscriptions/7500af1f-cee3-4cda-bd1a-6909b5ebb806/resourceGroups/prakash-eastus2-rg-luueri/providers/Microsoft.Network/networkSecurityGroups/websubnet-nsg/securityRules/Rule-Port-443",
            "name": "Rule-Port-443",
            "network_security_group_name": "websubnet-nsg",
            "priority": 110,
            "protocol": "Tcp",
            "resource_group_name": "prakash-eastus2-rg-luueri",
            "source_address_prefix": "*",
            "source_address_prefixes": null,
            "source_application_security_group_ids": null,
            "source_port_range": "*",
            "source_port_ranges": null,
            "timeouts": null
          },
          "sensitive_attributes": [],
          "private": "eyJlMmJmYjczMC1lY2FhLTExZTYtOGY4OC0zNDM2M2JjN2M0YzAiOnsiY3JlYXRlIjoxODAwMDAwMDAwMDAwLCJkZWxldGUiOjE4MDAwMDAwMDAwMDAsInJlYWQiOjMwMDAwMDAwMDAwMCwidXBkYXRlIjoxODAwMDAwMDAwMDAwfX0=",
          "dependencies": [
            "azurerm_network_security_group.web_subnet_nsg",
            "azurerm_resource_group.rg",
            "azurerm_subnet.websubnet",
            "azurerm_virtual_network.vnet",
            "random_string.myrandom"
          ]
        },
        {
          "index_key": "120",
          "schema_version": 0,
          "attributes": {
            "access": "Allow",
            "description": "",
            "destination_address_prefix": "*",
            "destination_address_prefixes": null,
            "destination_application_security_group_ids": null,
            "destination_port_range": "22",
            "destination_port_ranges": null,
            "direction": "Inbound",
            "id": "/subscriptions/7500af1f-cee3-4cda-bd1a-6909b5ebb806/resourceGroups/prakash-eastus2-rg-luueri/providers/Microsoft.Network/networkSecurityGroups/websubnet-nsg/securityRules/Rule-Port-22",
            "name": "Rule-Port-22",
            "network_security_group_name": "websubnet-nsg",
            "priority": 120,
            "protocol": "Tcp",
            "resource_group_name": "prakash-eastus2-rg-luueri",
            "source_address_prefix": "*",
            "source_address_prefixes": null,
            "source_application_security_group_ids": null,
            "source_port_range": "*",
            "source_port_ranges": null,
            "timeouts": null
          },
          "sensitive_attributes": [],
          "private": "eyJlMmJmYjczMC1lY2FhLTExZTYtOGY4OC0zNDM2M2JjN2M0YzAiOnsiY3JlYXRlIjoxODAwMDAwMDAwMDAwLCJkZWxldGUiOjE4MDAwMDAwMDAwMDAsInJlYWQiOjMwMDAwMDAwMDAwMCwidXBkYXRlIjoxODAwMDAwMDAwMDAwfX0=",
          "dependencies": [
            "azurerm_network_security_group.web_subnet_nsg",
            "azurerm_resource_group.rg",
            "azurerm_subnet.websubnet",
            "azurerm_virtual_network.vnet",
            "random_string.myrandom"
          ]
        }
      ]
    },
    {
      "mode": "managed",
      "type": "azurerm_network_security_rule",
      "name": "web_vmnic_nsg_rule_inbound",
      "provider": "provider[\"registry.terraform.io/hashicorp/azurerm\"]",
      "instances": [
        {
          "index_key": "100",
          "schema_version": 0,
          "attributes": {
            "access": "Allow",
            "description": "",
            "destination_address_prefix": "*",
            "destination_address_prefixes": null,
            "destination_application_security_group_ids": null,
            "destination_port_range": "80",
            "destination_port_ranges": null,
            "direction": "Inbound",
            "id": "/subscriptions/7500af1f-cee3-4cda-bd1a-6909b5ebb806/resourceGroups/prakash-eastus2-rg-luueri/providers/Microsoft.Network/networkSecurityGroups/web-linixvm-nic-nsg/securityRules/Rule-Port-80",
            "name": "Rule-Port-80",
            "network_security_group_name": "web-linixvm-nic-nsg",
            "priority": 100,
            "protocol": "Tcp",
            "resource_group_name": "prakash-eastus2-rg-luueri",
            "source_address_prefix": "*",
            "source_address_prefixes": null,
            "source_application_security_group_ids": null,
            "source_port_range": "*",
            "source_port_ranges": null,
            "timeouts": null
          },
          "sensitive_attributes": [],
          "private": "eyJlMmJmYjczMC1lY2FhLTExZTYtOGY4OC0zNDM2M2JjN2M0YzAiOnsiY3JlYXRlIjoxODAwMDAwMDAwMDAwLCJkZWxldGUiOjE4MDAwMDAwMDAwMDAsInJlYWQiOjMwMDAwMDAwMDAwMCwidXBkYXRlIjoxODAwMDAwMDAwMDAwfX0=",
          "dependencies": [
            "azurerm_network_interface.web_linuxvm_nic",
            "azurerm_network_security_group.web_vmnic_nsg",
            "azurerm_public_ip.web_linuxvm_publicip",
            "azurerm_resource_group.rg",
            "azurerm_subnet.websubnet",
            "azurerm_virtual_network.vnet",
            "random_string.myrandom"
          ]
        },
        {
          "index_key": "110",
          "schema_version": 0,
          "attributes": {
            "access": "Allow",
            "description": "",
            "destination_address_prefix": "*",
            "destination_address_prefixes": null,
            "destination_application_security_group_ids": null,
            "destination_port_range": "443",
            "destination_port_ranges": null,
            "direction": "Inbound",
            "id": "/subscriptions/7500af1f-cee3-4cda-bd1a-6909b5ebb806/resourceGroups/prakash-eastus2-rg-luueri/providers/Microsoft.Network/networkSecurityGroups/web-linixvm-nic-nsg/securityRules/Rule-Port-443",
            "name": "Rule-Port-443",
            "network_security_group_name": "web-linixvm-nic-nsg",
            "priority": 110,
            "protocol": "Tcp",
            "resource_group_name": "prakash-eastus2-rg-luueri",
            "source_address_prefix": "*",
            "source_address_prefixes": null,
            "source_application_security_group_ids": null,
            "source_port_range": "*",
            "source_port_ranges": null,
            "timeouts": null
          },
          "sensitive_attributes": [],
          "private": "eyJlMmJmYjczMC1lY2FhLTExZTYtOGY4OC0zNDM2M2JjN2M0YzAiOnsiY3JlYXRlIjoxODAwMDAwMDAwMDAwLCJkZWxldGUiOjE4MDAwMDAwMDAwMDAsInJlYWQiOjMwMDAwMDAwMDAwMCwidXBkYXRlIjoxODAwMDAwMDAwMDAwfX0=",
          "dependencies": [
            "azurerm_network_interface.web_linuxvm_nic",
            "azurerm_network_security_group.web_vmnic_nsg",
            "azurerm_public_ip.web_linuxvm_publicip",
            "azurerm_resource_group.rg",
            "azurerm_subnet.websubnet",
            "azurerm_virtual_network.vnet",
            "random_string.myrandom"
          ]
        },
        {
          "index_key": "120",
          "schema_version": 0,
          "attributes": {
            "access": "Allow",
            "description": "",
            "destination_address_prefix": "*",
            "destination_address_prefixes": null,
            "destination_application_security_group_ids": null,
            "destination_port_range": "22",
            "destination_port_ranges": null,
            "direction": "Inbound",
            "id": "/subscriptions/7500af1f-cee3-4cda-bd1a-6909b5ebb806/resourceGroups/prakash-eastus2-rg-luueri/providers/Microsoft.Network/networkSecurityGroups/web-linixvm-nic-nsg/securityRules/Rule-Port-22",
            "name": "Rule-Port-22",
            "network_security_group_name": "web-linixvm-nic-nsg",
            "priority": 120,
            "protocol": "Tcp",
            "resource_group_name": "prakash-eastus2-rg-luueri",
            "source_address_prefix": "*",
            "source_address_prefixes": null,
            "source_application_security_group_ids": null,
            "source_port_range": "*",
            "source_port_ranges": null,
            "timeouts": null
          },
          "sensitive_attributes": [],
          "private": "eyJlMmJmYjczMC1lY2FhLTExZTYtOGY4OC0zNDM2M2JjN2M0YzAiOnsiY3JlYXRlIjoxODAwMDAwMDAwMDAwLCJkZWxldGUiOjE4MDAwMDAwMDAwMDAsInJlYWQiOjMwMDAwMDAwMDAwMCwidXBkYXRlIjoxODAwMDAwMDAwMDAwfX0=",
          "dependencies": [
            "azurerm_network_interface.web_linuxvm_nic",
            "azurerm_network_security_group.web_vmnic_nsg",
            "azurerm_public_ip.web_linuxvm_publicip",
            "azurerm_resource_group.rg",
            "azurerm_subnet.websubnet",
            "azurerm_virtual_network.vnet",
            "random_string.myrandom"
          ]
        }
      ]
    },
    {
      "mode": "managed",
      "type": "azurerm_public_ip",
      "name": "web_linuxvm_publicip",
      "provider": "provider[\"registry.terraform.io/hashicorp/azurerm\"]",
      "instances": [
        {
          "schema_version": 0,
          "attributes": {
            "allocation_method": "Static",
            "ddos_protection_mode": "VirtualNetworkInherited",
            "ddos_protection_plan_id": null,
            "domain_name_label": "app1-vm",
            "edge_zone": "",
            "fqdn": "app1-vm.eastus2.cloudapp.azure.com",
            "id": "/subscriptions/7500af1f-cee3-4cda-bd1a-6909b5ebb806/resourceGroups/prakash-eastus2-rg-luueri/providers/Microsoft.Network/publicIPAddresses/web-linux-public-ip",
            "idle_timeout_in_minutes": 4,
            "ip_address": "52.254.66.30",
            "ip_tags": null,
            "ip_version": "IPv4",
            "location": "eastus2",
            "name": "web-linux-public-ip",
            "public_ip_prefix_id": null,
            "resource_group_name": "prakash-eastus2-rg-luueri",
            "reverse_fqdn": "",
            "sku": "Standard",
            "sku_tier": "Regional",
            "tags": null,
            "timeouts": null,
            "zones": null
          },
          "sensitive_attributes": [],
          "private": "eyJlMmJmYjczMC1lY2FhLTExZTYtOGY4OC0zNDM2M2JjN2M0YzAiOnsiY3JlYXRlIjoxODAwMDAwMDAwMDAwLCJkZWxldGUiOjE4MDAwMDAwMDAwMDAsInJlYWQiOjMwMDAwMDAwMDAwMCwidXBkYXRlIjoxODAwMDAwMDAwMDAwfX0=",
          "dependencies": [
            "azurerm_resource_group.rg",
            "random_string.myrandom"
          ]
        }
      ]
    },
    {
      "mode": "managed",
      "type": "azurerm_resource_group",
      "name": "rg",
      "provider": "provider[\"registry.terraform.io/hashicorp/azurerm\"]",
      "instances": [
        {
          "schema_version": 0,
          "attributes": {
            "id": "/subscriptions/7500af1f-cee3-4cda-bd1a-6909b5ebb806/resourceGroups/prakash-eastus2-rg-luueri",
            "location": "eastus2",
            "managed_by": "",
            "name": "prakash-eastus2-rg-luueri",
            "tags": {
              "environment": "staging",
              "owners": "QA"
            },
            "timeouts": null
          },
          "sensitive_attributes": [],
          "private": "eyJlMmJmYjczMC1lY2FhLTExZTYtOGY4OC0zNDM2M2JjN2M0YzAiOnsiY3JlYXRlIjo1NDAwMDAwMDAwMDAwLCJkZWxldGUiOjU0MDAwMDAwMDAwMDAsInJlYWQiOjMwMDAwMDAwMDAwMCwidXBkYXRlIjo1NDAwMDAwMDAwMDAwfX0=",
          "dependencies": [
            "random_string.myrandom"
          ]
        }
      ]
    },
    {
      "mode": "managed",
      "type": "azurerm_subnet",
      "name": "appsubnet",
      "provider": "provider[\"registry.terraform.io/hashicorp/azurerm\"]",
      "instances": [
        {
          "schema_version": 0,
          "attributes": {
            "address_prefixes": [
              "10.0.11.0/24"
            ],
            "delegation": [],
            "enforce_private_link_endpoint_network_policies": false,
            "enforce_private_link_service_network_policies": false,
            "id": "/subscriptions/7500af1f-cee3-4cda-bd1a-6909b5ebb806/resourceGroups/prakash-eastus2-rg-luueri/providers/Microsoft.Network/virtualNetworks/vnet-default/subnets/vnet-default-appsubnet",
            "name": "vnet-default-appsubnet",
            "private_endpoint_network_policies": "Enabled",
            "private_endpoint_network_policies_enabled": true,
            "private_link_service_network_policies_enabled": true,
            "resource_group_name": "prakash-eastus2-rg-luueri",
            "service_endpoint_policy_ids": null,
            "service_endpoints": null,
            "timeouts": null,
            "virtual_network_name": "vnet-default"
          },
          "sensitive_attributes": [],
          "private": "eyJlMmJmYjczMC1lY2FhLTExZTYtOGY4OC0zNDM2M2JjN2M0YzAiOnsiY3JlYXRlIjoxODAwMDAwMDAwMDAwLCJkZWxldGUiOjE4MDAwMDAwMDAwMDAsInJlYWQiOjMwMDAwMDAwMDAwMCwidXBkYXRlIjoxODAwMDAwMDAwMDAwfX0=",
          "dependencies": [
            "azurerm_resource_group.rg",
            "azurerm_virtual_network.vnet",
            "random_string.myrandom"
          ]
        }
      ]
    },
    {
      "mode": "managed",
      "type": "azurerm_subnet",
      "name": "bastionsubnet",
      "provider": "provider[\"registry.terraform.io/hashicorp/azurerm\"]",
      "instances": [
        {
          "schema_version": 0,
          "attributes": {
            "address_prefixes": [
              "10.0.100.0/24"
            ],
            "delegation": [],
            "enforce_private_link_endpoint_network_policies": false,
            "enforce_private_link_service_network_policies": false,
            "id": "/subscriptions/7500af1f-cee3-4cda-bd1a-6909b5ebb806/resourceGroups/prakash-eastus2-rg-luueri/providers/Microsoft.Network/virtualNetworks/vnet-default/subnets/vnet-default-bastionsubnet",
            "name": "vnet-default-bastionsubnet",
            "private_endpoint_network_policies": "Enabled",
            "private_endpoint_network_policies_enabled": true,
            "private_link_service_network_policies_enabled": true,
            "resource_group_name": "prakash-eastus2-rg-luueri",
            "service_endpoint_policy_ids": null,
            "service_endpoints": null,
            "timeouts": null,
            "virtual_network_name": "vnet-default"
          },
          "sensitive_attributes": [],
          "private": "eyJlMmJmYjczMC1lY2FhLTExZTYtOGY4OC0zNDM2M2JjN2M0YzAiOnsiY3JlYXRlIjoxODAwMDAwMDAwMDAwLCJkZWxldGUiOjE4MDAwMDAwMDAwMDAsInJlYWQiOjMwMDAwMDAwMDAwMCwidXBkYXRlIjoxODAwMDAwMDAwMDAwfX0=",
          "dependencies": [
            "azurerm_resource_group.rg",
            "azurerm_virtual_network.vnet",
            "random_string.myrandom"
          ]
        }
      ]
    },
    {
      "mode": "managed",
      "type": "azurerm_subnet",
      "name": "dbsubnet",
      "provider": "provider[\"registry.terraform.io/hashicorp/azurerm\"]",
      "instances": [
        {
          "schema_version": 0,
          "attributes": {
            "address_prefixes": [
              "10.0.21.0/24"
            ],
            "delegation": [],
            "enforce_private_link_endpoint_network_policies": false,
            "enforce_private_link_service_network_policies": false,
            "id": "/subscriptions/7500af1f-cee3-4cda-bd1a-6909b5ebb806/resourceGroups/prakash-eastus2-rg-luueri/providers/Microsoft.Network/virtualNetworks/vnet-default/subnets/vnet-default-dbsubnet",
            "name": "vnet-default-dbsubnet",
            "private_endpoint_network_policies": "Enabled",
            "private_endpoint_network_policies_enabled": true,
            "private_link_service_network_policies_enabled": true,
            "resource_group_name": "prakash-eastus2-rg-luueri",
            "service_endpoint_policy_ids": null,
            "service_endpoints": null,
            "timeouts": null,
            "virtual_network_name": "vnet-default"
          },
          "sensitive_attributes": [],
          "private": "eyJlMmJmYjczMC1lY2FhLTExZTYtOGY4OC0zNDM2M2JjN2M0YzAiOnsiY3JlYXRlIjoxODAwMDAwMDAwMDAwLCJkZWxldGUiOjE4MDAwMDAwMDAwMDAsInJlYWQiOjMwMDAwMDAwMDAwMCwidXBkYXRlIjoxODAwMDAwMDAwMDAwfX0=",
          "dependencies": [
            "azurerm_resource_group.rg",
            "azurerm_virtual_network.vnet",
            "random_string.myrandom"
          ]
        }
      ]
    },
    {
      "mode": "managed",
      "type": "azurerm_subnet",
      "name": "websubnet",
      "provider": "provider[\"registry.terraform.io/hashicorp/azurerm\"]",
      "instances": [
        {
          "schema_version": 0,
          "attributes": {
            "address_prefixes": [
              "10.0.1.0/24"
            ],
            "delegation": [],
            "enforce_private_link_endpoint_network_policies": false,
            "enforce_private_link_service_network_policies": false,
            "id": "/subscriptions/7500af1f-cee3-4cda-bd1a-6909b5ebb806/resourceGroups/prakash-eastus2-rg-luueri/providers/Microsoft.Network/virtualNetworks/vnet-default/subnets/websubnet",
            "name": "websubnet",
            "private_endpoint_network_policies": "Enabled",
            "private_endpoint_network_policies_enabled": true,
            "private_link_service_network_policies_enabled": true,
            "resource_group_name": "prakash-eastus2-rg-luueri",
            "service_endpoint_policy_ids": null,
            "service_endpoints": null,
            "timeouts": null,
            "virtual_network_name": "vnet-default"
          },
          "sensitive_attributes": [],
          "private": "eyJlMmJmYjczMC1lY2FhLTExZTYtOGY4OC0zNDM2M2JjN2M0YzAiOnsiY3JlYXRlIjoxODAwMDAwMDAwMDAwLCJkZWxldGUiOjE4MDAwMDAwMDAwMDAsInJlYWQiOjMwMDAwMDAwMDAwMCwidXBkYXRlIjoxODAwMDAwMDAwMDAwfX0=",
          "dependencies": [
            "azurerm_resource_group.rg",
            "azurerm_virtual_network.vnet",
            "random_string.myrandom"
          ]
        }
      ]
    },
    {
      "mode": "managed",
      "type": "azurerm_subnet_network_security_group_association",
      "name": "app_subnet_nsg_associate",
      "provider": "provider[\"registry.terraform.io/hashicorp/azurerm\"]",
      "instances": [
        {
          "schema_version": 0,
          "attributes": {
            "id": "/subscriptions/7500af1f-cee3-4cda-bd1a-6909b5ebb806/resourceGroups/prakash-eastus2-rg-luueri/providers/Microsoft.Network/virtualNetworks/vnet-default/subnets/vnet-default-appsubnet",
            "network_security_group_id": "/subscriptions/7500af1f-cee3-4cda-bd1a-6909b5ebb806/resourceGroups/prakash-eastus2-rg-luueri/providers/Microsoft.Network/networkSecurityGroups/vnet-default-appsubnet-nsg",
            "subnet_id": "/subscriptions/7500af1f-cee3-4cda-bd1a-6909b5ebb806/resourceGroups/prakash-eastus2-rg-luueri/providers/Microsoft.Network/virtualNetworks/vnet-default/subnets/vnet-default-appsubnet",
            "timeouts": null
          },
          "sensitive_attributes": [],
          "private": "eyJlMmJmYjczMC1lY2FhLTExZTYtOGY4OC0zNDM2M2JjN2M0YzAiOnsiY3JlYXRlIjoxODAwMDAwMDAwMDAwLCJkZWxldGUiOjE4MDAwMDAwMDAwMDAsInJlYWQiOjMwMDAwMDAwMDAwMH19",
          "dependencies": [
            "azurerm_network_security_group.app_subnet_nsg",
            "azurerm_network_security_rule.app_nsg_rule_inbound",
            "azurerm_resource_group.rg",
            "azurerm_subnet.appsubnet",
            "azurerm_virtual_network.vnet",
            "random_string.myrandom"
          ]
        }
      ]
    },
    {
      "mode": "managed",
      "type": "azurerm_subnet_network_security_group_association",
      "name": "bastion_subnet_nsg_associate",
      "provider": "provider[\"registry.terraform.io/hashicorp/azurerm\"]",
      "instances": [
        {
          "schema_version": 0,
          "attributes": {
            "id": "/subscriptions/7500af1f-cee3-4cda-bd1a-6909b5ebb806/resourceGroups/prakash-eastus2-rg-luueri/providers/Microsoft.Network/virtualNetworks/vnet-default/subnets/vnet-default-bastionsubnet",
            "network_security_group_id": "/subscriptions/7500af1f-cee3-4cda-bd1a-6909b5ebb806/resourceGroups/prakash-eastus2-rg-luueri/providers/Microsoft.Network/networkSecurityGroups/vnet-default-bastionsubnet-nsg",
            "subnet_id": "/subscriptions/7500af1f-cee3-4cda-bd1a-6909b5ebb806/resourceGroups/prakash-eastus2-rg-luueri/providers/Microsoft.Network/virtualNetworks/vnet-default/subnets/vnet-default-bastionsubnet",
            "timeouts": null
          },
          "sensitive_attributes": [],
          "private": "eyJlMmJmYjczMC1lY2FhLTExZTYtOGY4OC0zNDM2M2JjN2M0YzAiOnsiY3JlYXRlIjoxODAwMDAwMDAwMDAwLCJkZWxldGUiOjE4MDAwMDAwMDAwMDAsInJlYWQiOjMwMDAwMDAwMDAwMH19",
          "dependencies": [
            "azurerm_network_security_group.bastion_subnet_nsg",
            "azurerm_network_security_rule.bastion_nsg_rule_inbound",
            "azurerm_resource_group.rg",
            "azurerm_subnet.bastionsubnet",
            "azurerm_virtual_network.vnet",
            "random_string.myrandom"
          ]
        }
      ]
    },
    {
      "mode": "managed",
      "type": "azurerm_subnet_network_security_group_association",
      "name": "db_subnet_nsg_associate",
      "provider": "provider[\"registry.terraform.io/hashicorp/azurerm\"]",
      "instances": [
        {
          "schema_version": 0,
          "attributes": {
            "id": "/subscriptions/7500af1f-cee3-4cda-bd1a-6909b5ebb806/resourceGroups/prakash-eastus2-rg-luueri/providers/Microsoft.Network/virtualNetworks/vnet-default/subnets/vnet-default-dbsubnet",
            "network_security_group_id": "/subscriptions/7500af1f-cee3-4cda-bd1a-6909b5ebb806/resourceGroups/prakash-eastus2-rg-luueri/providers/Microsoft.Network/networkSecurityGroups/vnet-default-dbsubnet-nsg",
            "subnet_id": "/subscriptions/7500af1f-cee3-4cda-bd1a-6909b5ebb806/resourceGroups/prakash-eastus2-rg-luueri/providers/Microsoft.Network/virtualNetworks/vnet-default/subnets/vnet-default-dbsubnet",
            "timeouts": null
          },
          "sensitive_attributes": [],
          "private": "eyJlMmJmYjczMC1lY2FhLTExZTYtOGY4OC0zNDM2M2JjN2M0YzAiOnsiY3JlYXRlIjoxODAwMDAwMDAwMDAwLCJkZWxldGUiOjE4MDAwMDAwMDAwMDAsInJlYWQiOjMwMDAwMDAwMDAwMH19",
          "dependencies": [
            "azurerm_network_security_group.db_subnet_nsg",
            "azurerm_network_security_rule.db_nsg_rule_inbound",
            "azurerm_resource_group.rg",
            "azurerm_subnet.dbsubnet",
            "azurerm_virtual_network.vnet",
            "random_string.myrandom"
          ]
        }
      ]
    },
    {
      "mode": "managed",
      "type": "azurerm_subnet_network_security_group_association",
      "name": "web_subnet_nsg_associaten",
      "provider": "provider[\"registry.terraform.io/hashicorp/azurerm\"]",
      "instances": [
        {
          "schema_version": 0,
          "attributes": {
            "id": "/subscriptions/7500af1f-cee3-4cda-bd1a-6909b5ebb806/resourceGroups/prakash-eastus2-rg-luueri/providers/Microsoft.Network/virtualNetworks/vnet-default/subnets/websubnet",
            "network_security_group_id": "/subscriptions/7500af1f-cee3-4cda-bd1a-6909b5ebb806/resourceGroups/prakash-eastus2-rg-luueri/providers/Microsoft.Network/networkSecurityGroups/websubnet-nsg",
            "subnet_id": "/subscriptions/7500af1f-cee3-4cda-bd1a-6909b5ebb806/resourceGroups/prakash-eastus2-rg-luueri/providers/Microsoft.Network/virtualNetworks/vnet-default/subnets/websubnet",
            "timeouts": null
          },
          "sensitive_attributes": [],
          "private": "eyJlMmJmYjczMC1lY2FhLTExZTYtOGY4OC0zNDM2M2JjN2M0YzAiOnsiY3JlYXRlIjoxODAwMDAwMDAwMDAwLCJkZWxldGUiOjE4MDAwMDAwMDAwMDAsInJlYWQiOjMwMDAwMDAwMDAwMH19",
          "dependencies": [
            "azurerm_network_security_group.web_subnet_nsg",
            "azurerm_network_security_rule.web_nsg_rule_inbound",
            "azurerm_resource_group.rg",
            "azurerm_subnet.websubnet",
            "azurerm_virtual_network.vnet",
            "random_string.myrandom"
          ]
        }
      ]
    },
    {
      "mode": "managed",
      "type": "azurerm_virtual_network",
      "name": "vnet",
      "provider": "provider[\"registry.terraform.io/hashicorp/azurerm\"]",
      "instances": [
        {
          "schema_version": 0,
          "attributes": {
            "address_space": [
              "10.0.0.0/16"
            ],
            "bgp_community": "",
            "ddos_protection_plan": [],
            "dns_servers": [],
            "edge_zone": "",
            "encryption": [],
            "flow_timeout_in_minutes": 0,
            "guid": "e5e38029-aa58-4b6c-8912-fb38613dd549",
            "id": "/subscriptions/7500af1f-cee3-4cda-bd1a-6909b5ebb806/resourceGroups/prakash-eastus2-rg-luueri/providers/Microsoft.Network/virtualNetworks/vnet-default",
            "location": "eastus2",
            "name": "vnet-default",
            "resource_group_name": "prakash-eastus2-rg-luueri",
            "subnet": [],
            "tags": {
              "environment": "staging",
              "owners": "QA"
            },
            "timeouts": null
          },
          "sensitive_attributes": [],
          "private": "eyJlMmJmYjczMC1lY2FhLTExZTYtOGY4OC0zNDM2M2JjN2M0YzAiOnsiY3JlYXRlIjoxODAwMDAwMDAwMDAwLCJkZWxldGUiOjE4MDAwMDAwMDAwMDAsInJlYWQiOjMwMDAwMDAwMDAwMCwidXBkYXRlIjoxODAwMDAwMDAwMDAwfX0=",
          "dependencies": [
            "azurerm_resource_group.rg",
            "random_string.myrandom"
          ]
        }
      ]
    },
    {
      "mode": "managed",
      "type": "random_string",
      "name": "myrandom",
      "provider": "provider[\"registry.terraform.io/hashicorp/random\"]",
      "instances": [
        {
          "schema_version": 2,
          "attributes": {
            "id": "luueri",
            "keepers": null,
            "length": 6,
            "lower": true,
            "min_lower": 0,
            "min_numeric": 0,
            "min_special": 0,
            "min_upper": 0,
            "number": false,
            "numeric": false,
            "override_special": null,
            "result": "luueri",
            "special": false,
            "upper": false
          },
          "sensitive_attributes": []
        }
      ]
    }
  ],
  "check_results": null
}
